
Microsoft Visual Studio Solution File, Format Version 12.00
# Visual Studio Version 16
VisualStudioVersion = 16.6.30114.105
MinimumVisualStudioVersion = 10.0.40219.1
Project("{FAE04EC0-301F-11D3-BF4B-00C04F79EFBC}") = "API", "API\API.csproj", "{3C6E5A7A-E31E-43D4-BBC5-3045C2178C40}"
EndProject
Project("{FAE04EC0-301F-11D3-BF4B-00C04F79EFBC}") = "Application", "Application\Application.csproj", "{97986E3F-4347-49F3-A754-25159EC4ABAC}"
EndProject
Project("{FAE04EC0-301F-11D3-BF4B-00C04F79EFBC}") = "Persistence", "Persistence\Persistence.csproj", "{0BD503B1-B5A0-4936-B4E2-851D04B11760}"
EndProject
Project("{FAE04EC0-301F-11D3-BF4B-00C04F79EFBC}") = "Domain", "Domain\Domain.csproj", "{C8AF343D-616C-477B-85D3-D184A98D97DB}"
EndProject
Project("{FAE04EC0-301F-11D3-BF4B-00C04F79EFBC}") = "Infrastructure", "Infrastructure\Infrastructure.csproj", "{8CA9AD30-1212-459A-9C66-C275550DB014}"
EndProject
Global
	GlobalSection(SolutionConfigurationPlatforms) = preSolution
		Debug|Any CPU = Debug|Any CPU
		Debug|x64 = Debug|x64
		Debug|x86 = Debug|x86
		Release|Any CPU = Release|Any CPU
		Release|x64 = Release|x64
		Release|x86 = Release|x86
	EndGlobalSection
	GlobalSection(SolutionProperties) = preSolution
		HideSolutionNode = FALSE
	EndGlobalSection
	GlobalSection(ProjectConfigurationPlatforms) = postSolution
		{3C6E5A7A-E31E-43D4-BBC5-3045C2178C40}.Debug|Any CPU.ActiveCfg = Debug|Any CPU
		{3C6E5A7A-E31E-43D4-BBC5-3045C2178C40}.Debug|Any CPU.Build.0 = Debug|Any CPU
		{3C6E5A7A-E31E-43D4-BBC5-3045C2178C40}.Debug|x64.ActiveCfg = Debug|Any CPU
		{3C6E5A7A-E31E-43D4-BBC5-3045C2178C40}.Debug|x64.Build.0 = Debug|Any CPU
		{3C6E5A7A-E31E-43D4-BBC5-3045C2178C40}.Debug|x86.ActiveCfg = Debug|Any CPU
		{3C6E5A7A-E31E-43D4-BBC5-3045C2178C40}.Debug|x86.Build.0 = Debug|Any CPU
		{3C6E5A7A-E31E-43D4-BBC5-3045C2178C40}.Release|Any CPU.ActiveCfg = Release|Any CPU
		{3C6E5A7A-E31E-43D4-BBC5-3045C2178C40}.Release|Any CPU.Build.0 = Release|Any CPU
		{3C6E5A7A-E31E-43D4-BBC5-3045C2178C40}.Release|x64.ActiveCfg = Release|Any CPU
		{3C6E5A7A-E31E-43D4-BBC5-3045C2178C40}.Release|x64.Build.0 = Release|Any CPU
		{3C6E5A7A-E31E-43D4-BBC5-3045C2178C40}.Release|x86.ActiveCfg = Release|Any CPU
		{3C6E5A7A-E31E-43D4-BBC5-3045C2178C40}.Release|x86.Build.0 = Release|Any CPU
		{97986E3F-4347-49F3-A754-25159EC4ABAC}.Debug|Any CPU.ActiveCfg = Debug|Any CPU
		{97986E3F-4347-49F3-A754-25159EC4ABAC}.Debug|Any CPU.Build.0 = Debug|Any CPU
		{97986E3F-4347-49F3-A754-25159EC4ABAC}.Debug|x64.ActiveCfg = Debug|Any CPU
		{97986E3F-4347-49F3-A754-25159EC4ABAC}.Debug|x64.Build.0 = Debug|Any CPU
		{97986E3F-4347-49F3-A754-25159EC4ABAC}.Debug|x86.ActiveCfg = Debug|Any CPU
		{97986E3F-4347-49F3-A754-25159EC4ABAC}.Debug|x86.Build.0 = Debug|Any CPU
		{97986E3F-4347-49F3-A754-25159EC4ABAC}.Release|Any CPU.ActiveCfg = Release|Any CPU
		{97986E3F-4347-49F3-A754-25159EC4ABAC}.Release|Any CPU.Build.0 = Release|Any CPU
		{97986E3F-4347-49F3-A754-25159EC4ABAC}.Release|x64.ActiveCfg = Release|Any CPU
		{97986E3F-4347-49F3-A754-25159EC4ABAC}.Release|x64.Build.0 = Release|Any CPU
		{97986E3F-4347-49F3-A754-25159EC4ABAC}.Release|x86.ActiveCfg = Release|Any CPU
		{97986E3F-4347-49F3-A754-25159EC4ABAC}.Release|x86.Build.0 = Release|Any CPU
		{0BD503B1-B5A0-4936-B4E2-851D04B11760}.Debug|Any CPU.ActiveCfg = Debug|Any CPU
		{0BD503B1-B5A0-4936-B4E2-851D04B11760}.Debug|Any CPU.Build.0 = Debug|Any CPU
		{0BD503B1-B5A0-4936-B4E2-851D04B11760}.Debug|x64.ActiveCfg = Debug|Any CPU
		{0BD503B1-B5A0-4936-B4E2-851D04B11760}.Debug|x64.Build.0 = Debug|Any CPU
		{0BD503B1-B5A0-4936-B4E2-851D04B11760}.Debug|x86.ActiveCfg = Debug|Any CPU
		{0BD503B1-B5A0-4936-B4E2-851D04B11760}.Debug|x86.Build.0 = Debug|Any CPU
		{0BD503B1-B5A0-4936-B4E2-851D04B11760}.Release|Any CPU.ActiveCfg = Release|Any CPU
		{0BD503B1-B5A0-4936-B4E2-851D04B11760}.Release|Any CPU.Build.0 = Release|Any CPU
		{0BD503B1-B5A0-4936-B4E2-851D04B11760}.Release|x64.ActiveCfg = Release|Any CPU
		{0BD503B1-B5A0-4936-B4E2-851D04B11760}.Release|x64.Build.0 = Release|Any CPU
		{0BD503B1-B5A0-4936-B4E2-851D04B11760}.Release|x86.ActiveCfg = Release|Any CPU
		{0BD503B1-B5A0-4936-B4E2-851D04B11760}.Release|x86.Build.0 = Release|Any CPU
		{C8AF343D-616C-477B-85D3-D184A98D97DB}.Debug|Any CPU.ActiveCfg = Debug|Any CPU
		{C8AF343D-616C-477B-85D3-D184A98D97DB}.Debug|Any CPU.Build.0 = Debug|Any CPU
		{C8AF343D-616C-477B-85D3-D184A98D97DB}.Debug|x64.ActiveCfg = Debug|Any CPU
		{C8AF343D-616C-477B-85D3-D184A98D97DB}.Debug|x64.Build.0 = Debug|Any CPU
		{C8AF343D-616C-477B-85D3-D184A98D97DB}.Debug|x86.ActiveCfg = Debug|Any CPU
		{C8AF343D-616C-477B-85D3-D184A98D97DB}.Debug|x86.Build.0 = Debug|Any CPU
		{C8AF343D-616C-477B-85D3-D184A98D97DB}.Release|Any CPU.ActiveCfg = Release|Any CPU
		{C8AF343D-616C-477B-85D3-D184A98D97DB}.Release|Any CPU.Build.0 = Release|Any CPU
		{C8AF343D-616C-477B-85D3-D184A98D97DB}.Release|x64.ActiveCfg = Release|Any CPU
		{C8AF343D-616C-477B-85D3-D184A98D97DB}.Release|x64.Build.0 = Release|Any CPU
		{C8AF343D-616C-477B-85D3-D184A98D97DB}.Release|x86.ActiveCfg = Release|Any CPU
		{C8AF343D-616C-477B-85D3-D184A98D97DB}.Release|x86.Build.0 = Release|Any CPU
		{8CA9AD30-1212-459A-9C66-C275550DB014}.Debug|Any CPU.ActiveCfg = Debug|Any CPU
		{8CA9AD30-1212-459A-9C66-C275550DB014}.Debug|Any CPU.Build.0 = Debug|Any CPU
		{8CA9AD30-1212-459A-9C66-C275550DB014}.Debug|x64.ActiveCfg = Debug|Any CPU
		{8CA9AD30-1212-459A-9C66-C275550DB014}.Debug|x64.Build.0 = Debug|Any CPU
		{8CA9AD30-1212-459A-9C66-C275550DB014}.Debug|x86.ActiveCfg = Debug|Any CPU
		{8CA9AD30-1212-459A-9C66-C275550DB014}.Debug|x86.Build.0 = Debug|Any CPU
		{8CA9AD30-1212-459A-9C66-C275550DB014}.Release|Any CPU.ActiveCfg = Release|Any CPU
		{8CA9AD30-1212-459A-9C66-C275550DB014}.Release|Any CPU.Build.0 = Release|Any CPU
		{8CA9AD30-1212-459A-9C66-C275550DB014}.Release|x64.ActiveCfg = Release|Any CPU
		{8CA9AD30-1212-459A-9C66-C275550DB014}.Release|x64.Build.0 = Release|Any CPU
		{8CA9AD30-1212-459A-9C66-C275550DB014}.Release|x86.ActiveCfg = Release|Any CPU
		{8CA9AD30-1212-459A-9C66-C275550DB014}.Release|x86.Build.0 = Release|Any CPU
	EndGlobalSection
EndGlobal
